
Microsoft Visual Studio Solution File, Format Version 12.00
# Visual Studio 15
VisualStudioVersion = 15.0.27703.2042
MinimumVisualStudioVersion = 10.0.40219.1
Project("{FAE04EC0-301F-11D3-BF4B-00C04F79EFBC}") = "RecipeApp.WebMVC", "RecipeApp.WebMVC\RecipeApp.WebMVC.csproj", "{555D2A8F-A5DF-48B2-A083-8224EC2A4576}"
EndProject
Global
	GlobalSection(SolutionConfigurationPlatforms) = preSolution
		Debug|Any CPU = Debug|Any CPU
		Release|Any CPU = Release|Any CPU
	EndGlobalSection
	GlobalSection(ProjectConfigurationPlatforms) = postSolution
		{555D2A8F-A5DF-48B2-A083-8224EC2A4576}.Debug|Any CPU.ActiveCfg = Debug|Any CPU
		{555D2A8F-A5DF-48B2-A083-8224EC2A4576}.Debug|Any CPU.Build.0 = Debug|Any CPU
		{555D2A8F-A5DF-48B2-A083-8224EC2A4576}.Release|Any CPU.ActiveCfg = Release|Any CPU
		{555D2A8F-A5DF-48B2-A083-8224EC2A4576}.Release|Any CPU.Build.0 = Release|Any CPU
	EndGlobalSection
	GlobalSection(SolutionProperties) = preSolution
		HideSolutionNode = FALSE
	EndGlobalSection
	GlobalSection(ExtensibilityGlobals) = postSolution
		SolutionGuid = {423ABC8B-5685-499D-ACDC-D324229AC629}
	EndGlobalSection
EndGlobal
